
Microsoft Visual Studio Solution File, Format Version 12.00
# Visual Studio Version 16
VisualStudioVersion = 16.0.29503.13
MinimumVisualStudioVersion = 10.0.40219.1
Project("{9A19103F-16F7-4668-BE54-9A1E7A4F7556}") = "Server_API", "Server_API\Server_API.csproj", "{691BD63E-9318-4FE6-BFD5-328666392778}"
EndProject
Project("{9A19103F-16F7-4668-BE54-9A1E7A4F7556}") = "Shared", "..\Assets\Shared\Shared\Shared.csproj", "{FA743607-D4DA-489D-B143-5728CE38A885}"
EndProject
Global
	GlobalSection(SolutionConfigurationPlatforms) = preSolution
		Debug|Any CPU = Debug|Any CPU
		Release|Any CPU = Release|Any CPU
	EndGlobalSection
	GlobalSection(ProjectConfigurationPlatforms) = postSolution
		{691BD63E-9318-4FE6-BFD5-328666392778}.Debug|Any CPU.ActiveCfg = Debug|Any CPU
		{691BD63E-9318-4FE6-BFD5-328666392778}.Debug|Any CPU.Build.0 = Debug|Any CPU
		{691BD63E-9318-4FE6-BFD5-328666392778}.Release|Any CPU.ActiveCfg = Release|Any CPU
		{691BD63E-9318-4FE6-BFD5-328666392778}.Release|Any CPU.Build.0 = Release|Any CPU
		{FA743607-D4DA-489D-B143-5728CE38A885}.Debug|Any CPU.ActiveCfg = Debug|Any CPU
		{FA743607-D4DA-489D-B143-5728CE38A885}.Debug|Any CPU.Build.0 = Debug|Any CPU
		{FA743607-D4DA-489D-B143-5728CE38A885}.Release|Any CPU.ActiveCfg = Release|Any CPU
		{FA743607-D4DA-489D-B143-5728CE38A885}.Release|Any CPU.Build.0 = Release|Any CPU
	EndGlobalSection
	GlobalSection(SolutionProperties) = preSolution
		HideSolutionNode = FALSE
	EndGlobalSection
	GlobalSection(ExtensibilityGlobals) = postSolution
		SolutionGuid = {0D35C7D4-7BAB-4897-B389-C9CFC121C194}
	EndGlobalSection
EndGlobal
